
Microsoft Visual Studio Solution File, Format Version 12.00
# Visual Studio Version 16
VisualStudioVersion = 16.0.30128.74
MinimumVisualStudioVersion = 10.0.40219.1
Project("{FAE04EC0-301F-11D3-BF4B-00C04F79EFBC}") = "Chapter13RazorViews", "Chapter13RazorViews\Chapter13RazorViews.csproj", "{404122A3-FBAE-4142-BD28-9A613CC86E36}"
EndProject
Global
	GlobalSection(SolutionConfigurationPlatforms) = preSolution
		Debug|Any CPU = Debug|Any CPU
		Release|Any CPU = Release|Any CPU
	EndGlobalSection
	GlobalSection(ProjectConfigurationPlatforms) = postSolution
		{404122A3-FBAE-4142-BD28-9A613CC86E36}.Debug|Any CPU.ActiveCfg = Debug|Any CPU
		{404122A3-FBAE-4142-BD28-9A613CC86E36}.Debug|Any CPU.Build.0 = Debug|Any CPU
		{404122A3-FBAE-4142-BD28-9A613CC86E36}.Release|Any CPU.ActiveCfg = Release|Any CPU
		{404122A3-FBAE-4142-BD28-9A613CC86E36}.Release|Any CPU.Build.0 = Release|Any CPU
	EndGlobalSection
	GlobalSection(SolutionProperties) = preSolution
		HideSolutionNode = FALSE
	EndGlobalSection
	GlobalSection(ExtensibilityGlobals) = postSolution
		SolutionGuid = {1AB352A0-7535-4DA9-AF2B-AD8AF6CF00EF}
	EndGlobalSection
EndGlobal
